// !$*UTF8*$!
{
	archiveVersion = 1;
	classes = {
	};
	objectVersion = 56;
	objects = {

/* Begin PBXBuildFile section */
		09357EE72B6CEEA400EB1D58 /* TCASwiftUIXApp.swift in Sources */ = {isa = PBXBuildFile; fileRef = 09357EE62B6CEEA400EB1D58 /* TCASwiftUIXApp.swift */; };
		09357EE92B6CEEA400EB1D58 /* ContentView.swift in Sources */ = {isa = PBXBuildFile; fileRef = 09357EE82B6CEEA400EB1D58 /* ContentView.swift */; };
		09357EEB2B6CEEA500EB1D58 /* Assets.xcassets in Resources */ = {isa = PBXBuildFile; fileRef = 09357EEA2B6CEEA500EB1D58 /* Assets.xcassets */; };
		09357EEE2B6CEEA500EB1D58 /* Preview Assets.xcassets in Resources */ = {isa = PBXBuildFile; fileRef = 09357EED2B6CEEA500EB1D58 /* Preview Assets.xcassets */; };
		09357EF92B6CEEEA00EB1D58 /* ComposableArchitecture in Frameworks */ = {isa = PBXBuildFile; productRef = 09357EF82B6CEEEA00EB1D58 /* ComposableArchitecture */; };
		0988A7C52B6E0C9F00F46EA0 /* SwiftUIX in Frameworks */ = {isa = PBXBuildFile; productRef = 0988A7C42B6E0C9F00F46EA0 /* SwiftUIX */; };
		0988A7C82B6E0D2B00F46EA0 /* SwiftUIX in Frameworks */ = {isa = PBXBuildFile; productRef = 0988A7C72B6E0D2B00F46EA0 /* SwiftUIX */; };
		09DBA2D22B6E0C4E00383EC0 /* SwiftUIX in Frameworks */ = {isa = PBXBuildFile; productRef = 09DBA2D12B6E0C4E00383EC0 /* SwiftUIX */; };
/* End PBXBuildFile section */

/* Begin PBXFileReference section */
		09357EE32B6CEEA400EB1D58 /* TCASwiftUIX.app */ = {isa = PBXFileReference; explicitFileType = wrapper.application; includeInIndex = 0; path = TCASwiftUIX.app; sourceTree = BUILT_PRODUCTS_DIR; };
		09357EE62B6CEEA400EB1D58 /* TCASwiftUIXApp.swift */ = {isa = PBXFileReference; lastKnownFileType = sourcecode.swift; path = TCASwiftUIXApp.swift; sourceTree = "<group>"; };
		09357EE82B6CEEA400EB1D58 /* ContentView.swift */ = {isa = PBXFileReference; lastKnownFileType = sourcecode.swift; path = ContentView.swift; sourceTree = "<group>"; };
		09357EEA2B6CEEA500EB1D58 /* Assets.xcassets */ = {isa = PBXFileReference; lastKnownFileType = folder.assetcatalog; path = Assets.xcassets; sourceTree = "<group>"; };
		09357EED2B6CEEA500EB1D58 /* Preview Assets.xcassets */ = {isa = PBXFileReference; lastKnownFileType = folder.assetcatalog; path = "Preview Assets.xcassets"; sourceTree = "<group>"; };
/* End PBXFileReference section */

/* Begin PBXFrameworksBuildPhase section */
		09357EE02B6CEEA400EB1D58 /* Frameworks */ = {
			isa = PBXFrameworksBuildPhase;
			buildActionMask = 2147483647;
			files = (
				0988A7C52B6E0C9F00F46EA0 /* SwiftUIX in Frameworks */,
				09357EF92B6CEEEA00EB1D58 /* ComposableArchitecture in Frameworks */,
				09DBA2D22B6E0C4E00383EC0 /* SwiftUIX in Frameworks */,
				0988A7C82B6E0D2B00F46EA0 /* SwiftUIX in Frameworks */,
			);
			runOnlyForDeploymentPostprocessing = 0;
		};
/* End PBXFrameworksBuildPhase section */

/* Begin PBXGroup section */
		09357EDA2B6CEEA400EB1D58 = {
			isa = PBXGroup;
			children = (
				09357EE52B6CEEA400EB1D58 /* TCASwiftUIX */,
				09357EE42B6CEEA400EB1D58 /* Products */,
			);
			sourceTree = "<group>";
		};
		09357EE42B6CEEA400EB1D58 /* Products */ = {
			isa = PBXGroup;
			children = (
				09357EE32B6CEEA400EB1D58 /* TCASwiftUIX.app */,
			);
			name = Products;
			sourceTree = "<group>";
		};
		09357EE52B6CEEA400EB1D58 /* TCASwiftUIX */ = {
			isa = PBXGroup;
			children = (
				09357EE62B6CEEA400EB1D58 /* TCASwiftUIXApp.swift */,
				09357EE82B6CEEA400EB1D58 /* ContentView.swift */,
				09357EEA2B6CEEA500EB1D58 /* Assets.xcassets */,
				09357EEC2B6CEEA500EB1D58 /* Preview Content */,
			);
			path = TCASwiftUIX;
			sourceTree = "<group>";
		};
		09357EEC2B6CEEA500EB1D58 /* Preview Content */ = {
			isa = PBXGroup;
			children = (
				09357EED2B6CEEA500EB1D58 /* Preview Assets.xcassets */,
			);
			path = "Preview Content";
			sourceTree = "<group>";
		};
/* End PBXGroup section */

/* Begin PBXNativeTarget section */
		09357EE22B6CEEA400EB1D58 /* TCASwiftUIX */ = {
			isa = PBXNativeTarget;
			buildConfigurationList = 09357EF12B6CEEA500EB1D58 /* Build configuration list for PBXNativeTarget "TCASwiftUIX" */;
			buildPhases = (
				09357EDF2B6CEEA400EB1D58 /* Sources */,
				09357EE02B6CEEA400EB1D58 /* Frameworks */,
				09357EE12B6CEEA400EB1D58 /* Resources */,
			);
			buildRules = (
			);
			dependencies = (
			);
			name = TCASwiftUIX;
			packageProductDependencies = (
				09357EF82B6CEEEA00EB1D58 /* ComposableArchitecture */,
				09DBA2D12B6E0C4E00383EC0 /* SwiftUIX */,
				0988A7C42B6E0C9F00F46EA0 /* SwiftUIX */,
				0988A7C72B6E0D2B00F46EA0 /* SwiftUIX */,
			);
			productName = TCASwiftUIX;
			productReference = 09357EE32B6CEEA400EB1D58 /* TCASwiftUIX.app */;
			productType = "com.apple.product-type.application";
		};
/* End PBXNativeTarget section */

/* Begin PBXProject section */
		09357EDB2B6CEEA400EB1D58 /* Project object */ = {
			isa = PBXProject;
			attributes = {
				BuildIndependentTargetsInParallel = 1;
				LastSwiftUpdateCheck = 1520;
				LastUpgradeCheck = 1520;
				TargetAttributes = {
					09357EE22B6CEEA400EB1D58 = {
						CreatedOnToolsVersion = 15.2;
					};
				};
			};
			buildConfigurationList = 09357EDE2B6CEEA400EB1D58 /* Build configuration list for PBXProject "TCASwiftUIX" */;
			compatibilityVersion = "Xcode 14.0";
			developmentRegion = en;
			hasScannedForEncodings = 0;
			knownRegions = (
				en,
				Base,
			);
			mainGroup = 09357EDA2B6CEEA400EB1D58;
			packageReferences = (
				09357EF72B6CEEEA00EB1D58 /* XCRemoteSwiftPackageReference "swift-composable-architecture" */,
				0988A7C62B6E0D2B00F46EA0 /* XCRemoteSwiftPackageReference "SwiftUIX" */,
			);
			productRefGroup = 09357EE42B6CEEA400EB1D58 /* Products */;
			projectDirPath = "";
			projectRoot = "";
			targets = (
				09357EE22B6CEEA400EB1D58 /* TCASwiftUIX */,
			);
		};
/* End PBXProject section */

/* Begin PBXResourcesBuildPhase section */
		09357EE12B6CEEA400EB1D58 /* Resources */ = {
			isa = PBXResourcesBuildPhase;
			buildActionMask = 2147483647;
			files = (
				09357EEE2B6CEEA500EB1D58 /* Preview Assets.xcassets in Resources */,
				09357EEB2B6CEEA500EB1D58 /* Assets.xcassets in Resources */,
			);
			runOnlyForDeploymentPostprocessing = 0;
		};
/* End PBXResourcesBuildPhase section */

/* Begin PBXSourcesBuildPhase section */
		09357EDF2B6CEEA400EB1D58 /* Sources */ = {
			isa = PBXSourcesBuildPhase;
			buildActionMask = 2147483647;
			files = (
				09357EE92B6CEEA400EB1D58 /* ContentView.swift in Sources */,
				09357EE72B6CEEA400EB1D58 /* TCASwiftUIXApp.swift in Sources */,
			);
			runOnlyForDeploymentPostprocessing = 0;
		};
/* End PBXSourcesBuildPhase section */

/* Begin XCBuildConfiguration section */
		09357EEF2B6CEEA500EB1D58 /* Debug */ = {
			isa = XCBuildConfiguration;
			buildSettings = {
				ALWAYS_SEARCH_USER_PATHS = NO;
				ASSETCATALOG_COMPILER_GENERATE_SWIFT_ASSET_SYMBOL_EXTENSIONS = YES;
				CLANG_ANALYZER_NONNULL = YES;
				CLANG_ANALYZER_NUMBER_OBJECT_CONVERSION = YES_AGGRESSIVE;
				CLANG_CXX_LANGUAGE_STANDARD = "gnu++20";
				CLANG_ENABLE_MODULES = YES;
				CLANG_ENABLE_OBJC_ARC = YES;
				CLANG_ENABLE_OBJC_WEAK = YES;
				CLANG_WARN_BLOCK_CAPTURE_AUTORELEASING = YES;
				CLANG_WARN_BOOL_CONVERSION = YES;
				CLANG_WARN_COMMA = YES;
				CLANG_WARN_CONSTANT_CONVERSION = YES;
				CLANG_WARN_DEPRECATED_OBJC_IMPLEMENTATIONS = YES;
				CLANG_WARN_DIRECT_OBJC_ISA_USAGE = YES_ERROR;
				CLANG_WARN_DOCUMENTATION_COMMENTS = YES;
				CLANG_WARN_EMPTY_BODY = YES;
				CLANG_WARN_ENUM_CONVERSION = YES;
				CLANG_WARN_INFINITE_RECURSION = YES;
				CLANG_WARN_INT_CONVERSION = YES;
				CLANG_WARN_NON_LITERAL_NULL_CONVERSION = YES;
				CLANG_WARN_OBJC_IMPLICIT_RETAIN_SELF = YES;
				CLANG_WARN_OBJC_LITERAL_CONVERSION = YES;
				CLANG_WARN_OBJC_ROOT_CLASS = YES_ERROR;
				CLANG_WARN_QUOTED_INCLUDE_IN_FRAMEWORK_HEADER = YES;
				CLANG_WARN_RANGE_LOOP_ANALYSIS = YES;
				CLANG_WARN_STRICT_PROTOTYPES = YES;
				CLANG_WARN_SUSPICIOUS_MOVE = YES;
				CLANG_WARN_UNGUARDED_AVAILABILITY = YES_AGGRESSIVE;
				CLANG_WARN_UNREACHABLE_CODE = YES;
				CLANG_WARN__DUPLICATE_METHOD_MATCH = YES;
				COPY_PHASE_STRIP = NO;
				DEBUG_INFORMATION_FORMAT = dwarf;
				ENABLE_STRICT_OBJC_MSGSEND = YES;
				ENABLE_TESTABILITY = YES;
				ENABLE_USER_SCRIPT_SANDBOXING = YES;
				GCC_C_LANGUAGE_STANDARD = gnu17;
				GCC_DYNAMIC_NO_PIC = NO;
				GCC_NO_COMMON_BLOCKS = YES;
				GCC_OPTIMIZATION_LEVEL = 0;
				GCC_PREPROCESSOR_DEFINITIONS = (
					"DEBUG=1",
					"$(inherited)",
				);
				GCC_WARN_64_TO_32_BIT_CONVERSION = YES;
				GCC_WARN_ABOUT_RETURN_TYPE = YES_ERROR;
				GCC_WARN_UNDECLARED_SELECTOR = YES;
				GCC_WARN_UNINITIALIZED_AUTOS = YES_AGGRESSIVE;
				GCC_WARN_UNUSED_FUNCTION = YES;
				GCC_WARN_UNUSED_VARIABLE = YES;
				IPHONEOS_DEPLOYMENT_TARGET = 17.2;
				LOCALIZATION_PREFERS_STRING_CATALOGS = YES;
				MTL_ENABLE_DEBUG_INFO = INCLUDE_SOURCE;
				MTL_FAST_MATH = YES;
				ONLY_ACTIVE_ARCH = YES;
				SDKROOT = iphoneos;
				SWIFT_ACTIVE_COMPILATION_CONDITIONS = "DEBUG $(inherited)";
				SWIFT_OPTIMIZATION_LEVEL = "-Onone";
			};
			name = Debug;
		};
		09357EF02B6CEEA500EB1D58 /* Release */ = {
			isa = XCBuildConfiguration;
			buildSettings = {
				ALWAYS_SEARCH_USER_PATHS = NO;
				ASSETCATALOG_COMPILER_GENERATE_SWIFT_ASSET_SYMBOL_EXTENSIONS = YES;
				CLANG_ANALYZER_NONNULL = YES;
				CLANG_ANALYZER_NUMBER_OBJECT_CONVERSION = YES_AGGRESSIVE;
				CLANG_CXX_LANGUAGE_STANDARD = "gnu++20";
				CLANG_ENABLE_MODULES = YES;
				CLANG_ENABLE_OBJC_ARC = YES;
				CLANG_ENABLE_OBJC_WEAK = YES;
				CLANG_WARN_BLOCK_CAPTURE_AUTORELEASING = YES;
				CLANG_WARN_BOOL_CONVERSION = YES;
				CLANG_WARN_COMMA = YES;
				CLANG_WARN_CONSTANT_CONVERSION = YES;
				CLANG_WARN_DEPRECATED_OBJC_IMPLEMENTATIONS = YES;
				CLANG_WARN_DIRECT_OBJC_ISA_USAGE = YES_ERROR;
				CLANG_WARN_DOCUMENTATION_COMMENTS = YES;
				CLANG_WARN_EMPTY_BODY = YES;
				CLANG_WARN_ENUM_CONVERSION = YES;
				CLANG_WARN_INFINITE_RECURSION = YES;
				CLANG_WARN_INT_CONVERSION = YES;
				CLANG_WARN_NON_LITERAL_NULL_CONVERSION = YES;
				CLANG_WARN_OBJC_IMPLICIT_RETAIN_SELF = YES;
				CLANG_WARN_OBJC_LITERAL_CONVERSION = YES;
				CLANG_WARN_OBJC_ROOT_CLASS = YES_ERROR;
				CLANG_WARN_QUOTED_INCLUDE_IN_FRAMEWORK_HEADER = YES;
				CLANG_WARN_RANGE_LOOP_ANALYSIS = YES;
				CLANG_WARN_STRICT_PROTOTYPES = YES;
				CLANG_WARN_SUSPICIOUS_MOVE = YES;
				CLANG_WARN_UNGUARDED_AVAILABILITY = YES_AGGRESSIVE;
				CLANG_WARN_UNREACHABLE_CODE = YES;
				CLANG_WARN__DUPLICATE_METHOD_MATCH = YES;
				COPY_PHASE_STRIP = NO;
				DEBUG_INFORMATION_FORMAT = "dwarf-with-dsym";
				ENABLE_NS_ASSERTIONS = NO;
				ENABLE_STRICT_OBJC_MSGSEND = YES;
				ENABLE_USER_SCRIPT_SANDBOXING = YES;
				GCC_C_LANGUAGE_STANDARD = gnu17;
				GCC_NO_COMMON_BLOCKS = YES;
				GCC_WARN_64_TO_32_BIT_CONVERSION = YES;
				GCC_WARN_ABOUT_RETURN_TYPE = YES_ERROR;
				GCC_WARN_UNDECLARED_SELECTOR = YES;
				GCC_WARN_UNINITIALIZED_AUTOS = YES_AGGRESSIVE;
				GCC_WARN_UNUSED_FUNCTION = YES;
				GCC_WARN_UNUSED_VARIABLE = YES;
				IPHONEOS_DEPLOYMENT_TARGET = 17.2;
				LOCALIZATION_PREFERS_STRING_CATALOGS = YES;
				MTL_ENABLE_DEBUG_INFO = NO;
				MTL_FAST_MATH = YES;
				SDKROOT = iphoneos;
				SWIFT_COMPILATION_MODE = wholemodule;
				VALIDATE_PRODUCT = YES;
			};
			name = Release;
		};
		09357EF22B6CEEA500EB1D58 /* Debug */ = {
			isa = XCBuildConfiguration;
			buildSettings = {
				ASSETCATALOG_COMPILER_APPICON_NAME = AppIcon;
				ASSETCATALOG_COMPILER_GLOBAL_ACCENT_COLOR_NAME = AccentColor;
				CODE_SIGN_STYLE = Automatic;
				CURRENT_PROJECT_VERSION = 1;
				DEVELOPMENT_ASSET_PATHS = "\"TCASwiftUIX/Preview Content\"";
				DEVELOPMENT_TEAM = CDL4Q49RXS;
				ENABLE_PREVIEWS = YES;
				GENERATE_INFOPLIST_FILE = YES;
				INFOPLIST_KEY_UIApplicationSceneManifest_Generation = YES;
				INFOPLIST_KEY_UIApplicationSupportsIndirectInputEvents = YES;
				INFOPLIST_KEY_UILaunchScreen_Generation = YES;
				INFOPLIST_KEY_UISupportedInterfaceOrientations_iPad = "UIInterfaceOrientationPortrait UIInterfaceOrientationPortraitUpsideDown UIInterfaceOrientationLandscapeLeft UIInterfaceOrientationLandscapeRight";
				INFOPLIST_KEY_UISupportedInterfaceOrientations_iPhone = "UIInterfaceOrientationPortrait UIInterfaceOrientationLandscapeLeft UIInterfaceOrientationLandscapeRight";
				LD_RUNPATH_SEARCH_PATHS = (
					"$(inherited)",
					"@executable_path/Frameworks",
				);
				MARKETING_VERSION = 1.0;
				PRODUCT_BUNDLE_IDENTIFIER = com.marcuswu.TCASwiftUIX;
				PRODUCT_NAME = "$(TARGET_NAME)";
				SWIFT_EMIT_LOC_STRINGS = YES;
				SWIFT_VERSION = 5.0;
				TARGETED_DEVICE_FAMILY = "1,2";
			};
			name = Debug;
		};
		09357EF32B6CEEA500EB1D58 /* Release */ = {
			isa = XCBuildConfiguration;
			buildSettings = {
				ASSETCATALOG_COMPILER_APPICON_NAME = AppIcon;
				ASSETCATALOG_COMPILER_GLOBAL_ACCENT_COLOR_NAME = AccentColor;
				CODE_SIGN_STYLE = Automatic;
				CURRENT_PROJECT_VERSION = 1;
				DEVELOPMENT_ASSET_PATHS = "\"TCASwiftUIX/Preview Content\"";
				DEVELOPMENT_TEAM = CDL4Q49RXS;
				ENABLE_PREVIEWS = YES;
				GENERATE_INFOPLIST_FILE = YES;
				INFOPLIST_KEY_UIApplicationSceneManifest_Generation = YES;
				INFOPLIST_KEY_UIApplicationSupportsIndirectInputEvents = YES;
				INFOPLIST_KEY_UILaunchScreen_Generation = YES;
				INFOPLIST_KEY_UISupportedInterfaceOrientations_iPad = "UIInterfaceOrientationPortrait UIInterfaceOrientationPortraitUpsideDown UIInterfaceOrientationLandscapeLeft UIInterfaceOrientationLandscapeRight";
				INFOPLIST_KEY_UISupportedInterfaceOrientations_iPhone = "UIInterfaceOrientationPortrait UIInterfaceOrientationLandscapeLeft UIInterfaceOrientationLandscapeRight";
				LD_RUNPATH_SEARCH_PATHS = (
					"$(inherited)",
					"@executable_path/Frameworks",
				);
				MARKETING_VERSION = 1.0;
				PRODUCT_BUNDLE_IDENTIFIER = com.marcuswu.TCASwiftUIX;
				PRODUCT_NAME = "$(TARGET_NAME)";
				SWIFT_EMIT_LOC_STRINGS = YES;
				SWIFT_VERSION = 5.0;
				TARGETED_DEVICE_FAMILY = "1,2";
			};
			name = Release;
		};
/* End XCBuildConfiguration section */

/* Begin XCConfigurationList section */
		09357EDE2B6CEEA400EB1D58 /* Build configuration list for PBXProject "TCASwiftUIX" */ = {
			isa = XCConfigurationList;
			buildConfigurations = (
				09357EEF2B6CEEA500EB1D58 /* Debug */,
				09357EF02B6CEEA500EB1D58 /* Release */,
			);
			defaultConfigurationIsVisible = 0;
			defaultConfigurationName = Release;
		};
		09357EF12B6CEEA500EB1D58 /* Build configuration list for PBXNativeTarget "TCASwiftUIX" */ = {
			isa = XCConfigurationList;
			buildConfigurations = (
				09357EF22B6CEEA500EB1D58 /* Debug */,
				09357EF32B6CEEA500EB1D58 /* Release */,
			);
			defaultConfigurationIsVisible = 0;
			defaultConfigurationName = Release;
		};
/* End XCConfigurationList section */

/* Begin XCRemoteSwiftPackageReference section */
		09357EF72B6CEEEA00EB1D58 /* XCRemoteSwiftPackageReference "swift-composable-architecture" */ = {
			isa = XCRemoteSwiftPackageReference;
			repositoryURL = "https://github.com/pointfreeco/swift-composable-architecture";
			requirement = {
				kind = upToNextMajorVersion;
				minimumVersion = 1.7.2;
			};
		};
		0988A7C62B6E0D2B00F46EA0 /* XCRemoteSwiftPackageReference "SwiftUIX" */ = {
			isa = XCRemoteSwiftPackageReference;
			repositoryURL = "https://github.com/marcuswu0814/SwiftUIX";
			requirement = {
				branch = "fix-view-builder-issue-when-working-with-tca";
				kind = branch;
			};
		};
/* End XCRemoteSwiftPackageReference section */

/* Begin XCSwiftPackageProductDependency section */
		09357EF82B6CEEEA00EB1D58 /* ComposableArchitecture */ = {
			isa = XCSwiftPackageProductDependency;
			package = 09357EF72B6CEEEA00EB1D58 /* XCRemoteSwiftPackageReference "swift-composable-architecture" */;
			productName = ComposableArchitecture;
		};
		0988A7C42B6E0C9F00F46EA0 /* SwiftUIX */ = {
			isa = XCSwiftPackageProductDependency;
			productName = SwiftUIX;
		};
		0988A7C72B6E0D2B00F46EA0 /* SwiftUIX */ = {
			isa = XCSwiftPackageProductDependency;
			package = 0988A7C62B6E0D2B00F46EA0 /* XCRemoteSwiftPackageReference "SwiftUIX" */;
			productName = SwiftUIX;
		};
		09DBA2D12B6E0C4E00383EC0 /* SwiftUIX */ = {
			isa = XCSwiftPackageProductDependency;
			productName = SwiftUIX;
		};
/* End XCSwiftPackageProductDependency section */
	};
	rootObject = 09357EDB2B6CEEA400EB1D58 /* Project object */;
}
